// !$*UTF8*$!
{
	archiveVersion = 1;
	classes = {
	};
	objectVersion = 55;
	objects = {

/* Begin PBXBuildFile section */
		A89F043C2877B26700AA2EB4 /* XCUITestDemoApp.swift in Sources */ = {isa = PBXBuildFile; fileRef = A89F043B2877B26700AA2EB4 /* XCUITestDemoApp.swift */; };
		A89F043E2877B26700AA2EB4 /* ContentView.swift in Sources */ = {isa = PBXBuildFile; fileRef = A89F043D2877B26700AA2EB4 /* ContentView.swift */; };
		A89F04402877B26900AA2EB4 /* Assets.xcassets in Resources */ = {isa = PBXBuildFile; fileRef = A89F043F2877B26900AA2EB4 /* Assets.xcassets */; };
		A89F04432877B26900AA2EB4 /* Preview Assets.xcassets in Resources */ = {isa = PBXBuildFile; fileRef = A89F04422877B26900AA2EB4 /* Preview Assets.xcassets */; };
		A89F044D2877B26900AA2EB4 /* XCUITestDemoTests.swift in Sources */ = {isa = PBXBuildFile; fileRef = A89F044C2877B26900AA2EB4 /* XCUITestDemoTests.swift */; };
		A89F04572877B26900AA2EB4 /* LoginTests.swift in Sources */ = {isa = PBXBuildFile; fileRef = A89F04562877B26900AA2EB4 /* LoginTests.swift */; };
/* End PBXBuildFile section */

/* Begin PBXContainerItemProxy section */
		A89F04492877B26900AA2EB4 /* PBXContainerItemProxy */ = {
			isa = PBXContainerItemProxy;
			containerPortal = A89F04302877B26700AA2EB4 /* Project object */;
			proxyType = 1;
			remoteGlobalIDString = A89F04372877B26700AA2EB4;
			remoteInfo = XCUITestDemo;
		};
		A89F04532877B26900AA2EB4 /* PBXContainerItemProxy */ = {
			isa = PBXContainerItemProxy;
			containerPortal = A89F04302877B26700AA2EB4 /* Project object */;
			proxyType = 1;
			remoteGlobalIDString = A89F04372877B26700AA2EB4;
			remoteInfo = XCUITestDemo;
		};
/* End PBXContainerItemProxy section */

/* Begin PBXFileReference section */
		A89F04382877B26700AA2EB4 /* XCUITestDemo.app */ = {isa = PBXFileReference; explicitFileType = wrapper.application; includeInIndex = 0; path = XCUITestDemo.app; sourceTree = BUILT_PRODUCTS_DIR; };
		A89F043B2877B26700AA2EB4 /* XCUITestDemoApp.swift */ = {isa = PBXFileReference; lastKnownFileType = sourcecode.swift; path = XCUITestDemoApp.swift; sourceTree = "<group>"; };
		A89F043D2877B26700AA2EB4 /* ContentView.swift */ = {isa = PBXFileReference; lastKnownFileType = sourcecode.swift; path = ContentView.swift; sourceTree = "<group>"; };
		A89F043F2877B26900AA2EB4 /* Assets.xcassets */ = {isa = PBXFileReference; lastKnownFileType = folder.assetcatalog; path = Assets.xcassets; sourceTree = "<group>"; };
		A89F04422877B26900AA2EB4 /* Preview Assets.xcassets */ = {isa = PBXFileReference; lastKnownFileType = folder.assetcatalog; path = "Preview Assets.xcassets"; sourceTree = "<group>"; };
		A89F04482877B26900AA2EB4 /* XCUITestDemoTests.xctest */ = {isa = PBXFileReference; explicitFileType = wrapper.cfbundle; includeInIndex = 0; path = XCUITestDemoTests.xctest; sourceTree = BUILT_PRODUCTS_DIR; };
		A89F044C2877B26900AA2EB4 /* XCUITestDemoTests.swift */ = {isa = PBXFileReference; lastKnownFileType = sourcecode.swift; path = XCUITestDemoTests.swift; sourceTree = "<group>"; };
		A89F04522877B26900AA2EB4 /* XCUITestDemoUITests.xctest */ = {isa = PBXFileReference; explicitFileType = wrapper.cfbundle; includeInIndex = 0; path = XCUITestDemoUITests.xctest; sourceTree = BUILT_PRODUCTS_DIR; };
		A89F04562877B26900AA2EB4 /* LoginTests.swift */ = {isa = PBXFileReference; lastKnownFileType = sourcecode.swift; path = LoginTests.swift; sourceTree = "<group>"; };
/* End PBXFileReference section */

/* Begin PBXFrameworksBuildPhase section */
		A89F04352877B26700AA2EB4 /* Frameworks */ = {
			isa = PBXFrameworksBuildPhase;
			buildActionMask = 2147483647;
			files = (
			);
			runOnlyForDeploymentPostprocessing = 0;
		};
		A89F04452877B26900AA2EB4 /* Frameworks */ = {
			isa = PBXFrameworksBuildPhase;
			buildActionMask = 2147483647;
			files = (
			);
			runOnlyForDeploymentPostprocessing = 0;
		};
		A89F044F2877B26900AA2EB4 /* Frameworks */ = {
			isa = PBXFrameworksBuildPhase;
			buildActionMask = 2147483647;
			files = (
			);
			runOnlyForDeploymentPostprocessing = 0;
		};
/* End PBXFrameworksBuildPhase section */

/* Begin PBXGroup section */
		A89F042F2877B26700AA2EB4 = {
			isa = PBXGroup;
			children = (
				A89F043A2877B26700AA2EB4 /* XCUITestDemo */,
				A89F044B2877B26900AA2EB4 /* XCUITestDemoTests */,
				A89F04552877B26900AA2EB4 /* XCUITestDemoUITests */,
				A89F04392877B26700AA2EB4 /* Products */,
			);
			sourceTree = "<group>";
		};
		A89F04392877B26700AA2EB4 /* Products */ = {
			isa = PBXGroup;
			children = (
				A89F04382877B26700AA2EB4 /* XCUITestDemo.app */,
				A89F04482877B26900AA2EB4 /* XCUITestDemoTests.xctest */,
				A89F04522877B26900AA2EB4 /* XCUITestDemoUITests.xctest */,
			);
			name = Products;
			sourceTree = "<group>";
		};
		A89F043A2877B26700AA2EB4 /* XCUITestDemo */ = {
			isa = PBXGroup;
			children = (
				A89F043B2877B26700AA2EB4 /* XCUITestDemoApp.swift */,
				A89F043D2877B26700AA2EB4 /* ContentView.swift */,
				A89F043F2877B26900AA2EB4 /* Assets.xcassets */,
				A89F04412877B26900AA2EB4 /* Preview Content */,
			);
			path = XCUITestDemo;
			sourceTree = "<group>";
		};
		A89F04412877B26900AA2EB4 /* Preview Content */ = {
			isa = PBXGroup;
			children = (
				A89F04422877B26900AA2EB4 /* Preview Assets.xcassets */,
			);
			path = "Preview Content";
			sourceTree = "<group>";
		};
		A89F044B2877B26900AA2EB4 /* XCUITestDemoTests */ = {
			isa = PBXGroup;
			children = (
				A89F044C2877B26900AA2EB4 /* XCUITestDemoTests.swift */,
			);
			path = XCUITestDemoTests;
			sourceTree = "<group>";
		};
		A89F04552877B26900AA2EB4 /* XCUITestDemoUITests */ = {
			isa = PBXGroup;
			children = (
				A89F04562877B26900AA2EB4 /* LoginTests.swift */,
			);
			path = XCUITestDemoUITests;
			sourceTree = "<group>";
		};
/* End PBXGroup section */

/* Begin PBXNativeTarget section */
		A89F04372877B26700AA2EB4 /* XCUITestDemo */ = {
			isa = PBXNativeTarget;
			buildConfigurationList = A89F045C2877B26900AA2EB4 /* Build configuration list for PBXNativeTarget "XCUITestDemo" */;
			buildPhases = (
				A89F04342877B26700AA2EB4 /* Sources */,
				A89F04352877B26700AA2EB4 /* Frameworks */,
				A89F04362877B26700AA2EB4 /* Resources */,
			);
			buildRules = (
			);
			dependencies = (
			);
			name = XCUITestDemo;
			productName = XCUITestDemo;
			productReference = A89F04382877B26700AA2EB4 /* XCUITestDemo.app */;
			productType = "com.apple.product-type.application";
		};
		A89F04472877B26900AA2EB4 /* XCUITestDemoTests */ = {
			isa = PBXNativeTarget;
			buildConfigurationList = A89F045F2877B26900AA2EB4 /* Build configuration list for PBXNativeTarget "XCUITestDemoTests" */;
			buildPhases = (
				A89F04442877B26900AA2EB4 /* Sources */,
				A89F04452877B26900AA2EB4 /* Frameworks */,
				A89F04462877B26900AA2EB4 /* Resources */,
			);
			buildRules = (
			);
			dependencies = (
				A89F044A2877B26900AA2EB4 /* PBXTargetDependency */,
			);
			name = XCUITestDemoTests;
			productName = XCUITestDemoTests;
			productReference = A89F04482877B26900AA2EB4 /* XCUITestDemoTests.xctest */;
			productType = "com.apple.product-type.bundle.unit-test";
		};
		A89F04512877B26900AA2EB4 /* XCUITestDemoUITests */ = {
			isa = PBXNativeTarget;
			buildConfigurationList = A89F04622877B26900AA2EB4 /* Build configuration list for PBXNativeTarget "XCUITestDemoUITests" */;
			buildPhases = (
				A89F044E2877B26900AA2EB4 /* Sources */,
				A89F044F2877B26900AA2EB4 /* Frameworks */,
				A89F04502877B26900AA2EB4 /* Resources */,
			);
			buildRules = (
			);
			dependencies = (
				A89F04542877B26900AA2EB4 /* PBXTargetDependency */,
			);
			name = XCUITestDemoUITests;
			productName = XCUITestDemoUITests;
			productReference = A89F04522877B26900AA2EB4 /* XCUITestDemoUITests.xctest */;
			productType = "com.apple.product-type.bundle.ui-testing";
		};
/* End PBXNativeTarget section */

/* Begin PBXProject section */
		A89F04302877B26700AA2EB4 /* Project object */ = {
			isa = PBXProject;
			attributes = {
				BuildIndependentTargetsInParallel = 1;
				LastSwiftUpdateCheck = 1340;
				LastUpgradeCheck = 1340;
				TargetAttributes = {
					A89F04372877B26700AA2EB4 = {
						CreatedOnToolsVersion = 13.4.1;
					};
					A89F04472877B26900AA2EB4 = {
						CreatedOnToolsVersion = 13.4.1;
						TestTargetID = A89F04372877B26700AA2EB4;
					};
					A89F04512877B26900AA2EB4 = {
						CreatedOnToolsVersion = 13.4.1;
						TestTargetID = A89F04372877B26700AA2EB4;
					};
				};
			};
			buildConfigurationList = A89F04332877B26700AA2EB4 /* Build configuration list for PBXProject "XCUITestDemo" */;
			compatibilityVersion = "Xcode 13.0";
			developmentRegion = en;
			hasScannedForEncodings = 0;
			knownRegions = (
				en,
				Base,
			);
			mainGroup = A89F042F2877B26700AA2EB4;
			productRefGroup = A89F04392877B26700AA2EB4 /* Products */;
			projectDirPath = "";
			projectRoot = "";
			targets = (
				A89F04372877B26700AA2EB4 /* XCUITestDemo */,
				A89F04472877B26900AA2EB4 /* XCUITestDemoTests */,
				A89F04512877B26900AA2EB4 /* XCUITestDemoUITests */,
			);
		};
/* End PBXProject section */

/* Begin PBXResourcesBuildPhase section */
		A89F04362877B26700AA2EB4 /* Resources */ = {
			isa = PBXResourcesBuildPhase;
			buildActionMask = 2147483647;
			files = (
				A89F04432877B26900AA2EB4 /* Preview Assets.xcassets in Resources */,
				A89F04402877B26900AA2EB4 /* Assets.xcassets in Resources */,
			);
			runOnlyForDeploymentPostprocessing = 0;
		};
		A89F04462877B26900AA2EB4 /* Resources */ = {
			isa = PBXResourcesBuildPhase;
			buildActionMask = 2147483647;
			files = (
			);
			runOnlyForDeploymentPostprocessing = 0;
		};
		A89F04502877B26900AA2EB4 /* Resources */ = {
			isa = PBXResourcesBuildPhase;
			buildActionMask = 2147483647;
			files = (
			);
			runOnlyForDeploymentPostprocessing = 0;
		};
/* End PBXResourcesBuildPhase section */

/* Begin PBXSourcesBuildPhase section */
		A89F04342877B26700AA2EB4 /* Sources */ = {
			isa = PBXSourcesBuildPhase;
			buildActionMask = 2147483647;
			files = (
				A89F043E2877B26700AA2EB4 /* ContentView.swift in Sources */,
				A89F043C2877B26700AA2EB4 /* XCUITestDemoApp.swift in Sources */,
			);
			runOnlyForDeploymentPostprocessing = 0;
		};
		A89F04442877B26900AA2EB4 /* Sources */ = {
			isa = PBXSourcesBuildPhase;
			buildActionMask = 2147483647;
			files = (
				A89F044D2877B26900AA2EB4 /* XCUITestDemoTests.swift in Sources */,
			);
			runOnlyForDeploymentPostprocessing = 0;
		};
		A89F044E2877B26900AA2EB4 /* Sources */ = {
			isa = PBXSourcesBuildPhase;
			buildActionMask = 2147483647;
			files = (
				A89F04572877B26900AA2EB4 /* LoginTests.swift in Sources */,
			);
			runOnlyForDeploymentPostprocessing = 0;
		};
/* End PBXSourcesBuildPhase section */

/* Begin PBXTargetDependency section */
		A89F044A2877B26900AA2EB4 /* PBXTargetDependency */ = {
			isa = PBXTargetDependency;
			target = A89F04372877B26700AA2EB4 /* XCUITestDemo */;
			targetProxy = A89F04492877B26900AA2EB4 /* PBXContainerItemProxy */;
		};
		A89F04542877B26900AA2EB4 /* PBXTargetDependency */ = {
			isa = PBXTargetDependency;
			target = A89F04372877B26700AA2EB4 /* XCUITestDemo */;
			targetProxy = A89F04532877B26900AA2EB4 /* PBXContainerItemProxy */;
		};
/* End PBXTargetDependency section */

/* Begin XCBuildConfiguration section */
		A89F045A2877B26900AA2EB4 /* Debug */ = {
			isa = XCBuildConfiguration;
			buildSettings = {
				ALWAYS_SEARCH_USER_PATHS = NO;
				CLANG_ANALYZER_NONNULL = YES;
				CLANG_ANALYZER_NUMBER_OBJECT_CONVERSION = YES_AGGRESSIVE;
				CLANG_CXX_LANGUAGE_STANDARD = "gnu++17";
				CLANG_ENABLE_MODULES = YES;
				CLANG_ENABLE_OBJC_ARC = YES;
				CLANG_ENABLE_OBJC_WEAK = YES;
				CLANG_WARN_BLOCK_CAPTURE_AUTORELEASING = YES;
				CLANG_WARN_BOOL_CONVERSION = YES;
				CLANG_WARN_COMMA = YES;
				CLANG_WARN_CONSTANT_CONVERSION = YES;
				CLANG_WARN_DEPRECATED_OBJC_IMPLEMENTATIONS = YES;
				CLANG_WARN_DIRECT_OBJC_ISA_USAGE = YES_ERROR;
				CLANG_WARN_DOCUMENTATION_COMMENTS = YES;
				CLANG_WARN_EMPTY_BODY = YES;
				CLANG_WARN_ENUM_CONVERSION = YES;
				CLANG_WARN_INFINITE_RECURSION = YES;
				CLANG_WARN_INT_CONVERSION = YES;
				CLANG_WARN_NON_LITERAL_NULL_CONVERSION = YES;
				CLANG_WARN_OBJC_IMPLICIT_RETAIN_SELF = YES;
				CLANG_WARN_OBJC_LITERAL_CONVERSION = YES;
				CLANG_WARN_OBJC_ROOT_CLASS = YES_ERROR;
				CLANG_WARN_QUOTED_INCLUDE_IN_FRAMEWORK_HEADER = YES;
				CLANG_WARN_RANGE_LOOP_ANALYSIS = YES;
				CLANG_WARN_STRICT_PROTOTYPES = YES;
				CLANG_WARN_SUSPICIOUS_MOVE = YES;
				CLANG_WARN_UNGUARDED_AVAILABILITY = YES_AGGRESSIVE;
				CLANG_WARN_UNREACHABLE_CODE = YES;
				CLANG_WARN__DUPLICATE_METHOD_MATCH = YES;
				COPY_PHASE_STRIP = NO;
				DEBUG_INFORMATION_FORMAT = dwarf;
				ENABLE_STRICT_OBJC_MSGSEND = YES;
				ENABLE_TESTABILITY = YES;
				GCC_C_LANGUAGE_STANDARD = gnu11;
				GCC_DYNAMIC_NO_PIC = NO;
				GCC_NO_COMMON_BLOCKS = YES;
				GCC_OPTIMIZATION_LEVEL = 0;
				GCC_PREPROCESSOR_DEFINITIONS = (
					"DEBUG=1",
					"$(inherited)",
				);
				GCC_WARN_64_TO_32_BIT_CONVERSION = YES;
				GCC_WARN_ABOUT_RETURN_TYPE = YES_ERROR;
				GCC_WARN_UNDECLARED_SELECTOR = YES;
				GCC_WARN_UNINITIALIZED_AUTOS = YES_AGGRESSIVE;
				GCC_WARN_UNUSED_FUNCTION = YES;
				GCC_WARN_UNUSED_VARIABLE = YES;
				IPHONEOS_DEPLOYMENT_TARGET = 15.5;
				MTL_ENABLE_DEBUG_INFO = INCLUDE_SOURCE;
				MTL_FAST_MATH = YES;
				ONLY_ACTIVE_ARCH = YES;
				SDKROOT = iphoneos;
				SWIFT_ACTIVE_COMPILATION_CONDITIONS = DEBUG;
				SWIFT_OPTIMIZATION_LEVEL = "-Onone";
			};
			name = Debug;
		};
		A89F045B2877B26900AA2EB4 /* Release */ = {
			isa = XCBuildConfiguration;
			buildSettings = {
				ALWAYS_SEARCH_USER_PATHS = NO;
				CLANG_ANALYZER_NONNULL = YES;
				CLANG_ANALYZER_NUMBER_OBJECT_CONVERSION = YES_AGGRESSIVE;
				CLANG_CXX_LANGUAGE_STANDARD = "gnu++17";
				CLANG_ENABLE_MODULES = YES;
				CLANG_ENABLE_OBJC_ARC = YES;
				CLANG_ENABLE_OBJC_WEAK = YES;
				CLANG_WARN_BLOCK_CAPTURE_AUTORELEASING = YES;
				CLANG_WARN_BOOL_CONVERSION = YES;
				CLANG_WARN_COMMA = YES;
				CLANG_WARN_CONSTANT_CONVERSION = YES;
				CLANG_WARN_DEPRECATED_OBJC_IMPLEMENTATIONS = YES;
				CLANG_WARN_DIRECT_OBJC_ISA_USAGE = YES_ERROR;
				CLANG_WARN_DOCUMENTATION_COMMENTS = YES;
				CLANG_WARN_EMPTY_BODY = YES;
				CLANG_WARN_ENUM_CONVERSION = YES;
				CLANG_WARN_INFINITE_RECURSION = YES;
				CLANG_WARN_INT_CONVERSION = YES;
				CLANG_WARN_NON_LITERAL_NULL_CONVERSION = YES;
				CLANG_WARN_OBJC_IMPLICIT_RETAIN_SELF = YES;
				CLANG_WARN_OBJC_LITERAL_CONVERSION = YES;
				CLANG_WARN_OBJC_ROOT_CLASS = YES_ERROR;
				CLANG_WARN_QUOTED_INCLUDE_IN_FRAMEWORK_HEADER = YES;
				CLANG_WARN_RANGE_LOOP_ANALYSIS = YES;
				CLANG_WARN_STRICT_PROTOTYPES = YES;
				CLANG_WARN_SUSPICIOUS_MOVE = YES;
				CLANG_WARN_UNGUARDED_AVAILABILITY = YES_AGGRESSIVE;
				CLANG_WARN_UNREACHABLE_CODE = YES;
				CLANG_WARN__DUPLICATE_METHOD_MATCH = YES;
				COPY_PHASE_STRIP = NO;
				DEBUG_INFORMATION_FORMAT = "dwarf-with-dsym";
				ENABLE_NS_ASSERTIONS = NO;
				ENABLE_STRICT_OBJC_MSGSEND = YES;
				GCC_C_LANGUAGE_STANDARD = gnu11;
				GCC_NO_COMMON_BLOCKS = YES;
				GCC_WARN_64_TO_32_BIT_CONVERSION = YES;
				GCC_WARN_ABOUT_RETURN_TYPE = YES_ERROR;
				GCC_WARN_UNDECLARED_SELECTOR = YES;
				GCC_WARN_UNINITIALIZED_AUTOS = YES_AGGRESSIVE;
				GCC_WARN_UNUSED_FUNCTION = YES;
				GCC_WARN_UNUSED_VARIABLE = YES;
				IPHONEOS_DEPLOYMENT_TARGET = 15.5;
				MTL_ENABLE_DEBUG_INFO = NO;
				MTL_FAST_MATH = YES;
				SDKROOT = iphoneos;
				SWIFT_COMPILATION_MODE = wholemodule;
				SWIFT_OPTIMIZATION_LEVEL = "-O";
				VALIDATE_PRODUCT = YES;
			};
			name = Release;
		};
		A89F045D2877B26900AA2EB4 /* Debug */ = {
			isa = XCBuildConfiguration;
			buildSettings = {
				ASSETCATALOG_COMPILER_APPICON_NAME = AppIcon;
				ASSETCATALOG_COMPILER_GLOBAL_ACCENT_COLOR_NAME = AccentColor;
				CODE_SIGN_STYLE = Automatic;
				CURRENT_PROJECT_VERSION = 1;
				DEVELOPMENT_ASSET_PATHS = "\"XCUITestDemo/Preview Content\"";
				ENABLE_PREVIEWS = YES;
				GENERATE_INFOPLIST_FILE = YES;
				INFOPLIST_KEY_UIApplicationSceneManifest_Generation = YES;
				INFOPLIST_KEY_UIApplicationSupportsIndirectInputEvents = YES;
				INFOPLIST_KEY_UILaunchScreen_Generation = YES;
				INFOPLIST_KEY_UISupportedInterfaceOrientations_iPad = "UIInterfaceOrientationPortrait UIInterfaceOrientationPortraitUpsideDown UIInterfaceOrientationLandscapeLeft UIInterfaceOrientationLandscapeRight";
				INFOPLIST_KEY_UISupportedInterfaceOrientations_iPhone = "UIInterfaceOrientationPortrait UIInterfaceOrientationLandscapeLeft UIInterfaceOrientationLandscapeRight";
				LD_RUNPATH_SEARCH_PATHS = (
					"$(inherited)",
					"@executable_path/Frameworks",
				);
				MARKETING_VERSION = 1.0;
				PRODUCT_BUNDLE_IDENTIFIER = com.chrisvasqm.XCUITestDemo;
				PRODUCT_NAME = "$(TARGET_NAME)";
				SWIFT_EMIT_LOC_STRINGS = YES;
				SWIFT_VERSION = 5.0;
				TARGETED_DEVICE_FAMILY = "1,2";
			};
			name = Debug;
		};
		A89F045E2877B26900AA2EB4 /* Release */ = {
			isa = XCBuildConfiguration;
			buildSettings = {
				ASSETCATALOG_COMPILER_APPICON_NAME = AppIcon;
				ASSETCATALOG_COMPILER_GLOBAL_ACCENT_COLOR_NAME = AccentColor;
				CODE_SIGN_STYLE = Automatic;
				CURRENT_PROJECT_VERSION = 1;
				DEVELOPMENT_ASSET_PATHS = "\"XCUITestDemo/Preview Content\"";
				ENABLE_PREVIEWS = YES;
				GENERATE_INFOPLIST_FILE = YES;
				INFOPLIST_KEY_UIApplicationSceneManifest_Generation = YES;
				INFOPLIST_KEY_UIApplicationSupportsIndirectInputEvents = YES;
				INFOPLIST_KEY_UILaunchScreen_Generation = YES;
				INFOPLIST_KEY_UISupportedInterfaceOrientations_iPad = "UIInterfaceOrientationPortrait UIInterfaceOrientationPortraitUpsideDown UIInterfaceOrientationLandscapeLeft UIInterfaceOrientationLandscapeRight";
				INFOPLIST_KEY_UISupportedInterfaceOrientations_iPhone = "UIInterfaceOrientationPortrait UIInterfaceOrientationLandscapeLeft UIInterfaceOrientationLandscapeRight";
				LD_RUNPATH_SEARCH_PATHS = (
					"$(inherited)",
					"@executable_path/Frameworks",
				);
				MARKETING_VERSION = 1.0;
				PRODUCT_BUNDLE_IDENTIFIER = com.chrisvasqm.XCUITestDemo;
				PRODUCT_NAME = "$(TARGET_NAME)";
				SWIFT_EMIT_LOC_STRINGS = YES;
				SWIFT_VERSION = 5.0;
				TARGETED_DEVICE_FAMILY = "1,2";
			};
			name = Release;
		};
		A89F04602877B26900AA2EB4 /* Debug */ = {
			isa = XCBuildConfiguration;
			buildSettings = {
				ALWAYS_EMBED_SWIFT_STANDARD_LIBRARIES = YES;
				BUNDLE_LOADER = "$(TEST_HOST)";
				CODE_SIGN_STYLE = Automatic;
				CURRENT_PROJECT_VERSION = 1;
				GENERATE_INFOPLIST_FILE = YES;
				IPHONEOS_DEPLOYMENT_TARGET = 15.5;
				MARKETING_VERSION = 1.0;
				PRODUCT_BUNDLE_IDENTIFIER = com.chrisvasqm.XCUITestDemoTests;
				PRODUCT_NAME = "$(TARGET_NAME)";
				SWIFT_EMIT_LOC_STRINGS = NO;
				SWIFT_VERSION = 5.0;
				TARGETED_DEVICE_FAMILY = "1,2";
				TEST_HOST = "$(BUILT_PRODUCTS_DIR)/XCUITestDemo.app/XCUITestDemo";
			};
			name = Debug;
		};
		A89F04612877B26900AA2EB4 /* Release */ = {
			isa = XCBuildConfiguration;
			buildSettings = {
				ALWAYS_EMBED_SWIFT_STANDARD_LIBRARIES = YES;
				BUNDLE_LOADER = "$(TEST_HOST)";
				CODE_SIGN_STYLE = Automatic;
				CURRENT_PROJECT_VERSION = 1;
				GENERATE_INFOPLIST_FILE = YES;
				IPHONEOS_DEPLOYMENT_TARGET = 15.5;
				MARKETING_VERSION = 1.0;
				PRODUCT_BUNDLE_IDENTIFIER = com.chrisvasqm.XCUITestDemoTests;
				PRODUCT_NAME = "$(TARGET_NAME)";
				SWIFT_EMIT_LOC_STRINGS = NO;
				SWIFT_VERSION = 5.0;
				TARGETED_DEVICE_FAMILY = "1,2";
				TEST_HOST = "$(BUILT_PRODUCTS_DIR)/XCUITestDemo.app/XCUITestDemo";
			};
			name = Release;
		};
		A89F04632877B26900AA2EB4 /* Debug */ = {
			isa = XCBuildConfiguration;
			buildSettings = {
				ALWAYS_EMBED_SWIFT_STANDARD_LIBRARIES = YES;
				CODE_SIGN_STYLE = Automatic;
				CURRENT_PROJECT_VERSION = 1;
				GENERATE_INFOPLIST_FILE = YES;
				MARKETING_VERSION = 1.0;
				PRODUCT_BUNDLE_IDENTIFIER = com.chrisvasqm.XCUITestDemoUITests;
				PRODUCT_NAME = "$(TARGET_NAME)";
				SWIFT_EMIT_LOC_STRINGS = NO;
				SWIFT_VERSION = 5.0;
				TARGETED_DEVICE_FAMILY = "1,2";
				TEST_TARGET_NAME = XCUITestDemo;
			};
			name = Debug;
		};
		A89F04642877B26900AA2EB4 /* Release */ = {
			isa = XCBuildConfiguration;
			buildSettings = {
				ALWAYS_EMBED_SWIFT_STANDARD_LIBRARIES = YES;
				CODE_SIGN_STYLE = Automatic;
				CURRENT_PROJECT_VERSION = 1;
				GENERATE_INFOPLIST_FILE = YES;
				MARKETING_VERSION = 1.0;
				PRODUCT_BUNDLE_IDENTIFIER = com.chrisvasqm.XCUITestDemoUITests;
				PRODUCT_NAME = "$(TARGET_NAME)";
				SWIFT_EMIT_LOC_STRINGS = NO;
				SWIFT_VERSION = 5.0;
				TARGETED_DEVICE_FAMILY = "1,2";
				TEST_TARGET_NAME = XCUITestDemo;
			};
			name = Release;
		};
/* End XCBuildConfiguration section */

/* Begin XCConfigurationList section */
		A89F04332877B26700AA2EB4 /* Build configuration list for PBXProject "XCUITestDemo" */ = {
			isa = XCConfigurationList;
			buildConfigurations = (
				A89F045A2877B26900AA2EB4 /* Debug */,
				A89F045B2877B26900AA2EB4 /* Release */,
			);
			defaultConfigurationIsVisible = 0;
			defaultConfigurationName = Release;
		};
		A89F045C2877B26900AA2EB4 /* Build configuration list for PBXNativeTarget "XCUITestDemo" */ = {
			isa = XCConfigurationList;
			buildConfigurations = (
				A89F045D2877B26900AA2EB4 /* Debug */,
				A89F045E2877B26900AA2EB4 /* Release */,
			);
			defaultConfigurationIsVisible = 0;
			defaultConfigurationName = Release;
		};
		A89F045F2877B26900AA2EB4 /* Build configuration list for PBXNativeTarget "XCUITestDemoTests" */ = {
			isa = XCConfigurationList;
			buildConfigurations = (
				A89F04602877B26900AA2EB4 /* Debug */,
				A89F04612877B26900AA2EB4 /* Release */,
			);
			defaultConfigurationIsVisible = 0;
			defaultConfigurationName = Release;
		};
		A89F04622877B26900AA2EB4 /* Build configuration list for PBXNativeTarget "XCUITestDemoUITests" */ = {
			isa = XCConfigurationList;
			buildConfigurations = (
				A89F04632877B26900AA2EB4 /* Debug */,
				A89F04642877B26900AA2EB4 /* Release */,
			);
			defaultConfigurationIsVisible = 0;
			defaultConfigurationName = Release;
		};
/* End XCConfigurationList section */
	};
	rootObject = A89F04302877B26700AA2EB4 /* Project object */;
}
